// !$*UTF8*$!
{
	archiveVersion = 1;
	classes = {
	};
	objectVersion = 46;
	objects = {

/* Begin PBXBuildFile section */
		D107B3BB16430AB800E4A951 /* UIKit.framework in Frameworks */ = {isa = PBXBuildFile; fileRef = D107B3BA16430AB800E4A951 /* UIKit.framework */; };
		D107B3BF16430AB800E4A951 /* CoreGraphics.framework in Frameworks */ = {isa = PBXBuildFile; fileRef = D107B3BE16430AB800E4A951 /* CoreGraphics.framework */; };
		D107B3C116430AB800E4A951 /* GLKit.framework in Frameworks */ = {isa = PBXBuildFile; fileRef = D107B3C016430AB800E4A951 /* GLKit.framework */; };
		D107B3C316430AB800E4A951 /* OpenGLES.framework in Frameworks */ = {isa = PBXBuildFile; fileRef = D107B3C216430AB800E4A951 /* OpenGLES.framework */; };
		D107B3C916430AB800E4A951 /* InfoPlist.strings in Resources */ = {isa = PBXBuildFile; fileRef = D107B3C716430AB800E4A951 /* InfoPlist.strings */; };
		D107B3D116430AB800E4A951 /* Default.png in Resources */ = {isa = PBXBuildFile; fileRef = D107B3D016430AB800E4A951 /* Default.png */; };
		D107B3D316430AB800E4A951 /* Default@2x.png in Resources */ = {isa = PBXBuildFile; fileRef = D107B3D216430AB800E4A951 /* Default@2x.png */; };
		D107B3D516430AB900E4A951 /* Default-568h@2x.png in Resources */ = {isa = PBXBuildFile; fileRef = D107B3D416430AB800E4A951 /* Default-568h@2x.png */; };
		D142313E164D8298002A834E /* AudioToolbox.framework in Frameworks */ = {isa = PBXBuildFile; fileRef = D142313D164D8298002A834E /* AudioToolbox.framework */; };
		D1423140164D82A8002A834E /* AVFoundation.framework in Frameworks */ = {isa = PBXBuildFile; fileRef = D142313F164D82A8002A834E /* AVFoundation.framework */; };
		D1423142164D82C8002A834E /* OpenAL.framework in Frameworks */ = {isa = PBXBuildFile; fileRef = D1423141164D82C8002A834E /* OpenAL.framework */; };
		D1C6EA54164C333D00248DA0 /* main.cpp in Sources */ = {isa = PBXBuildFile; fileRef = D1C6EA53164C333D00248DA0 /* main.cpp */; };
		E2193A601787A64300B7E3AC /* QuartzCore.framework in Frameworks */ = {isa = PBXBuildFile; fileRef = E2193A5E1787A62C00B7E3AC /* QuartzCore.framework */; };
		E254E86017583CFE002A7C07 /* configs in Resources */ = {isa = PBXBuildFile; fileRef = E254E85517583C55002A7C07 /* configs */; };
		E254E86117583CFE002A7C07 /* movies in Resources */ = {isa = PBXBuildFile; fileRef = E254E85617583C55002A7C07 /* movies */; };
		E254E86217583CFE002A7C07 /* particles in Resources */ = {isa = PBXBuildFile; fileRef = E254E85717583C55002A7C07 /* particles */; };
		E254E86317583CFE002A7C07 /* sounds in Resources */ = {isa = PBXBuildFile; fileRef = E254E85817583C55002A7C07 /* sounds */; };
		E254E86417583CFE002A7C07 /* textures in Resources */ = {isa = PBXBuildFile; fileRef = E254E85917583C55002A7C07 /* textures */; };
		E254E86517583CFE002A7C07 /* scenes in Resources */ = {isa = PBXBuildFile; fileRef = E254E85317583C15002A7C07 /* scenes */; };
		E274E0F01757AF490035C537 /* libSeed.a in Frameworks */ = {isa = PBXBuildFile; fileRef = D1C6EA49164C28AA00248DA0 /* libSeed.a */; };
		E274E0F11757AF7E0035C537 /* libseedcontrib.a in Frameworks */ = {isa = PBXBuildFile; fileRef = D1C6EA3F164C28A600248DA0 /* libseedcontrib.a */; };
		E274E0F41757B1B70035C537 /* Foundation.framework in Frameworks */ = {isa = PBXBuildFile; fileRef = E274E0F21757B1A70035C537 /* Foundation.framework */; };
		E289624C1759592400899A84 /* shaders in Resources */ = {isa = PBXBuildFile; fileRef = E289624B1759592400899A84 /* shaders */; };
		E2C68E691798D20A00DE71C9 /* MainStoryboard.storyboard in Resources */ = {isa = PBXBuildFile; fileRef = E2C68E671798D20A00DE71C9 /* MainStoryboard.storyboard */; };
		E2D364E4175A6073006BCAB8 /* testbaseogles2.cpp in Sources */ = {isa = PBXBuildFile; fileRef = E2D364E2175A6073006BCAB8 /* testbaseogles2.cpp */; };
/* End PBXBuildFile section */

/* Begin PBXContainerItemProxy section */
		D1C6EA3E164C28A600248DA0 /* PBXContainerItemProxy */ = {
			isa = PBXContainerItemProxy;
			containerPortal = D1C6EA37164C28A600248DA0 /* seedcontrib.xcodeproj */;
			proxyType = 2;
			remoteGlobalIDString = D103ED04163F131600267967;
			remoteInfo = seedcontrib;
		};
		D1C6EA48164C28AA00248DA0 /* PBXContainerItemProxy */ = {
			isa = PBXContainerItemProxy;
			containerPortal = D1C6EA41164C28AA00248DA0 /* Seed.xcodeproj */;
			proxyType = 2;
			remoteGlobalIDString = D103E433163F11CB00267967;
			remoteInfo = Seed;
		};
		E24C5B391756DF5400149F5A /* PBXContainerItemProxy */ = {
			isa = PBXContainerItemProxy;
			containerPortal = D1C6EA41164C28AA00248DA0 /* Seed.xcodeproj */;
			proxyType = 1;
			remoteGlobalIDString = D103E432163F11CB00267967;
			remoteInfo = Seed;
		};
		E24C5B3B1756DF7500149F5A /* PBXContainerItemProxy */ = {
			isa = PBXContainerItemProxy;
			containerPortal = D1C6EA37164C28A600248DA0 /* seedcontrib.xcodeproj */;
			proxyType = 1;
			remoteGlobalIDString = D103ED03163F131600267967;
			remoteInfo = seedcontrib;
		};
/* End PBXContainerItemProxy section */

/* Begin PBXFileReference section */
		D107B3B616430AB800E4A951 /* tests.app */ = {isa = PBXFileReference; explicitFileType = wrapper.application; includeInIndex = 0; path = tests.app; sourceTree = BUILT_PRODUCTS_DIR; };
		D107B3BA16430AB800E4A951 /* UIKit.framework */ = {isa = PBXFileReference; lastKnownFileType = wrapper.framework; name = UIKit.framework; path = System/Library/Frameworks/UIKit.framework; sourceTree = SDKROOT; };
		D107B3BE16430AB800E4A951 /* CoreGraphics.framework */ = {isa = PBXFileReference; lastKnownFileType = wrapper.framework; name = CoreGraphics.framework; path = System/Library/Frameworks/CoreGraphics.framework; sourceTree = SDKROOT; };
		D107B3C016430AB800E4A951 /* GLKit.framework */ = {isa = PBXFileReference; lastKnownFileType = wrapper.framework; name = GLKit.framework; path = System/Library/Frameworks/GLKit.framework; sourceTree = SDKROOT; };
		D107B3C216430AB800E4A951 /* OpenGLES.framework */ = {isa = PBXFileReference; lastKnownFileType = wrapper.framework; name = OpenGLES.framework; path = System/Library/Frameworks/OpenGLES.framework; sourceTree = SDKROOT; };
		D107B3C616430AB800E4A951 /* tests-Info.plist */ = {isa = PBXFileReference; lastKnownFileType = text.plist.xml; path = "tests-Info.plist"; sourceTree = "<group>"; };
		D107B3C816430AB800E4A951 /* en */ = {isa = PBXFileReference; lastKnownFileType = text.plist.strings; name = en; path = en.lproj/InfoPlist.strings; sourceTree = "<group>"; };
		D107B3CC16430AB800E4A951 /* tests-Prefix.pch */ = {isa = PBXFileReference; lastKnownFileType = sourcecode.c.h; path = "tests-Prefix.pch"; sourceTree = "<group>"; };
		D107B3D016430AB800E4A951 /* Default.png */ = {isa = PBXFileReference; lastKnownFileType = image.png; path = Default.png; sourceTree = "<group>"; };
		D107B3D216430AB800E4A951 /* Default@2x.png */ = {isa = PBXFileReference; lastKnownFileType = image.png; path = "Default@2x.png"; sourceTree = "<group>"; };
		D107B3D416430AB800E4A951 /* Default-568h@2x.png */ = {isa = PBXFileReference; lastKnownFileType = image.png; path = "Default-568h@2x.png"; sourceTree = "<group>"; };
		D142313D164D8298002A834E /* AudioToolbox.framework */ = {isa = PBXFileReference; lastKnownFileType = wrapper.framework; name = AudioToolbox.framework; path = System/Library/Frameworks/AudioToolbox.framework; sourceTree = SDKROOT; };
		D142313F164D82A8002A834E /* AVFoundation.framework */ = {isa = PBXFileReference; lastKnownFileType = wrapper.framework; name = AVFoundation.framework; path = System/Library/Frameworks/AVFoundation.framework; sourceTree = SDKROOT; };
		D1423141164D82C8002A834E /* OpenAL.framework */ = {isa = PBXFileReference; lastKnownFileType = wrapper.framework; name = OpenAL.framework; path = System/Library/Frameworks/OpenAL.framework; sourceTree = SDKROOT; };
		D1C6EA37164C28A600248DA0 /* seedcontrib.xcodeproj */ = {isa = PBXFileReference; lastKnownFileType = "wrapper.pb-project"; name = seedcontrib.xcodeproj; path = ../seedcontrib/seedcontrib.xcodeproj; sourceTree = "<group>"; };
		D1C6EA41164C28AA00248DA0 /* Seed.xcodeproj */ = {isa = PBXFileReference; lastKnownFileType = "wrapper.pb-project"; name = Seed.xcodeproj; path = ../Seed/Seed.xcodeproj; sourceTree = "<group>"; };
		D1C6EA53164C333D00248DA0 /* main.cpp */ = {isa = PBXFileReference; fileEncoding = 4; lastKnownFileType = sourcecode.cpp.cpp; name = main.cpp; path = ../../../tests/main.cpp; sourceTree = "<group>"; };
		E2193A5E1787A62C00B7E3AC /* QuartzCore.framework */ = {isa = PBXFileReference; lastKnownFileType = wrapper.framework; name = QuartzCore.framework; path = System/Library/Frameworks/QuartzCore.framework; sourceTree = SDKROOT; };
		E254E85317583C15002A7C07 /* scenes */ = {isa = PBXFileReference; lastKnownFileType = folder; name = scenes; path = ../../tests/resources/scenes; sourceTree = "<group>"; };
		E254E85517583C55002A7C07 /* configs */ = {isa = PBXFileReference; lastKnownFileType = folder; name = configs; path = ../../tests/resources/configs; sourceTree = "<group>"; };
		E254E85617583C55002A7C07 /* movies */ = {isa = PBXFileReference; lastKnownFileType = folder; name = movies; path = ../../tests/resources/movies; sourceTree = "<group>"; };
		E254E85717583C55002A7C07 /* particles */ = {isa = PBXFileReference; lastKnownFileType = folder; name = particles; path = ../../tests/resources/particles; sourceTree = "<group>"; };
		E254E85817583C55002A7C07 /* sounds */ = {isa = PBXFileReference; lastKnownFileType = folder; name = sounds; path = ../../tests/resources/sounds; sourceTree = "<group>"; };
		E254E85917583C55002A7C07 /* textures */ = {isa = PBXFileReference; lastKnownFileType = folder; name = textures; path = ../../tests/resources/textures; sourceTree = "<group>"; };
		E274E0F21757B1A70035C537 /* Foundation.framework */ = {isa = PBXFileReference; lastKnownFileType = wrapper.framework; name = Foundation.framework; path = System/Library/Frameworks/Foundation.framework; sourceTree = SDKROOT; };
		E289624B1759592400899A84 /* shaders */ = {isa = PBXFileReference; lastKnownFileType = folder; name = shaders; path = ../../tests/resources/shaders; sourceTree = "<group>"; };
		E2C68E681798D20A00DE71C9 /* en */ = {isa = PBXFileReference; lastKnownFileType = file.storyboard; name = en; path = en.lproj/MainStoryboard.storyboard; sourceTree = "<group>"; };
		E2D364E2175A6073006BCAB8 /* testbaseogles2.cpp */ = {isa = PBXFileReference; fileEncoding = 4; lastKnownFileType = sourcecode.cpp.cpp; name = testbaseogles2.cpp; path = ../../../tests/testbaseogles2.cpp; sourceTree = "<group>"; };
		E2D364E3175A6073006BCAB8 /* testbaseogles2.h */ = {isa = PBXFileReference; fileEncoding = 4; lastKnownFileType = sourcecode.c.h; name = testbaseogles2.h; path = ../../../tests/testbaseogles2.h; sourceTree = "<group>"; };
/* End PBXFileReference section */

/* Begin PBXFrameworksBuildPhase section */
		D107B3B316430AB800E4A951 /* Frameworks */ = {
			isa = PBXFrameworksBuildPhase;
			buildActionMask = 2147483647;
			files = (
				E274E0F11757AF7E0035C537 /* libseedcontrib.a in Frameworks */,
				E274E0F01757AF490035C537 /* libSeed.a in Frameworks */,
				E2193A601787A64300B7E3AC /* QuartzCore.framework in Frameworks */,
				E274E0F41757B1B70035C537 /* Foundation.framework in Frameworks */,
				D1423142164D82C8002A834E /* OpenAL.framework in Frameworks */,
				D1423140164D82A8002A834E /* AVFoundation.framework in Frameworks */,
				D142313E164D8298002A834E /* AudioToolbox.framework in Frameworks */,
				D107B3BB16430AB800E4A951 /* UIKit.framework in Frameworks */,
				D107B3BF16430AB800E4A951 /* CoreGraphics.framework in Frameworks */,
				D107B3C116430AB800E4A951 /* GLKit.framework in Frameworks */,
				D107B3C316430AB800E4A951 /* OpenGLES.framework in Frameworks */,
			);
			runOnlyForDeploymentPostprocessing = 0;
		};
/* End PBXFrameworksBuildPhase section */

/* Begin PBXGroup section */
		D107B3AB16430AB800E4A951 = {
			isa = PBXGroup;
			children = (
				E254E85F17583C62002A7C07 /* Resources */,
				D107B3C416430AB800E4A951 /* Sources */,
				D107B3B916430AB800E4A951 /* Frameworks */,
				D107B3B716430AB800E4A951 /* Products */,
			);
			sourceTree = "<group>";
		};
		D107B3B716430AB800E4A951 /* Products */ = {
			isa = PBXGroup;
			children = (
				D107B3B616430AB800E4A951 /* tests.app */,
			);
			name = Products;
			sourceTree = "<group>";
		};
		D107B3B916430AB800E4A951 /* Frameworks */ = {
			isa = PBXGroup;
			children = (
				D1C6EA37164C28A600248DA0 /* seedcontrib.xcodeproj */,
				D1C6EA41164C28AA00248DA0 /* Seed.xcodeproj */,
				E2193A5E1787A62C00B7E3AC /* QuartzCore.framework */,
				E274E0F21757B1A70035C537 /* Foundation.framework */,
				D1423141164D82C8002A834E /* OpenAL.framework */,
				D142313F164D82A8002A834E /* AVFoundation.framework */,
				D142313D164D8298002A834E /* AudioToolbox.framework */,
				D107B3BA16430AB800E4A951 /* UIKit.framework */,
				D107B3BE16430AB800E4A951 /* CoreGraphics.framework */,
				D107B3C016430AB800E4A951 /* GLKit.framework */,
				D107B3C216430AB800E4A951 /* OpenGLES.framework */,
			);
			name = Frameworks;
			sourceTree = "<group>";
		};
		D107B3C416430AB800E4A951 /* Sources */ = {
			isa = PBXGroup;
			children = (
				E2C68E671798D20A00DE71C9 /* MainStoryboard.storyboard */,
				E2D364E2175A6073006BCAB8 /* testbaseogles2.cpp */,
				E2D364E3175A6073006BCAB8 /* testbaseogles2.h */,
				D1C6EA53164C333D00248DA0 /* main.cpp */,
				D107B3C516430AB800E4A951 /* Supporting Files */,
			);
			name = Sources;
			path = tests;
			sourceTree = "<group>";
		};
		D107B3C516430AB800E4A951 /* Supporting Files */ = {
			isa = PBXGroup;
			children = (
				D107B3C616430AB800E4A951 /* tests-Info.plist */,
				D107B3C716430AB800E4A951 /* InfoPlist.strings */,
				D107B3CC16430AB800E4A951 /* tests-Prefix.pch */,
				D107B3D016430AB800E4A951 /* Default.png */,
				D107B3D216430AB800E4A951 /* Default@2x.png */,
				D107B3D416430AB800E4A951 /* Default-568h@2x.png */,
			);
			name = "Supporting Files";
			sourceTree = "<group>";
		};
		D1C6EA38164C28A600248DA0 /* Products */ = {
			isa = PBXGroup;
			children = (
				D1C6EA3F164C28A600248DA0 /* libseedcontrib.a */,
			);
			name = Products;
			sourceTree = "<group>";
		};
		D1C6EA42164C28AA00248DA0 /* Products */ = {
			isa = PBXGroup;
			children = (
				D1C6EA49164C28AA00248DA0 /* libSeed.a */,
			);
			name = Products;
			sourceTree = "<group>";
		};
		E254E85F17583C62002A7C07 /* Resources */ = {
			isa = PBXGroup;
			children = (
				E289624B1759592400899A84 /* shaders */,
				E254E85517583C55002A7C07 /* configs */,
				E254E85617583C55002A7C07 /* movies */,
				E254E85717583C55002A7C07 /* particles */,
				E254E85817583C55002A7C07 /* sounds */,
				E254E85917583C55002A7C07 /* textures */,
				E254E85317583C15002A7C07 /* scenes */,
			);
			name = Resources;
			sourceTree = "<group>";
		};
/* End PBXGroup section */

/* Begin PBXNativeTarget section */
		D107B3B516430AB800E4A951 /* tests */ = {
			isa = PBXNativeTarget;
			buildConfigurationList = D107B3E516430AB900E4A951 /* Build configuration list for PBXNativeTarget "tests" */;
			buildPhases = (
				D107B3B216430AB800E4A951 /* Sources */,
				D107B3B316430AB800E4A951 /* Frameworks */,
				D107B3B416430AB800E4A951 /* Resources */,
			);
			buildRules = (
			);
			dependencies = (
				E24C5B3C1756DF7500149F5A /* PBXTargetDependency */,
				E24C5B3A1756DF5400149F5A /* PBXTargetDependency */,
			);
			name = tests;
			productName = tests;
			productReference = D107B3B616430AB800E4A951 /* tests.app */;
			productType = "com.apple.product-type.application";
		};
/* End PBXNativeTarget section */

/* Begin PBXProject section */
		D107B3AD16430AB800E4A951 /* Project object */ = {
			isa = PBXProject;
			attributes = {
				LastUpgradeCheck = 0450;
				ORGANIZATIONNAME = "Fungos Bauux";
			};
			buildConfigurationList = D107B3B016430AB800E4A951 /* Build configuration list for PBXProject "tests" */;
			compatibilityVersion = "Xcode 3.2";
			developmentRegion = English;
			hasScannedForEncodings = 0;
			knownRegions = (
				en,
			);
			mainGroup = D107B3AB16430AB800E4A951;
			productRefGroup = D107B3B716430AB800E4A951 /* Products */;
			projectDirPath = "";
			projectReferences = (
				{
					ProductGroup = D1C6EA42164C28AA00248DA0 /* Products */;
					ProjectRef = D1C6EA41164C28AA00248DA0 /* Seed.xcodeproj */;
				},
				{
					ProductGroup = D1C6EA38164C28A600248DA0 /* Products */;
					ProjectRef = D1C6EA37164C28A600248DA0 /* seedcontrib.xcodeproj */;
				},
			);
			projectRoot = "";
			targets = (
				D107B3B516430AB800E4A951 /* tests */,
			);
		};
/* End PBXProject section */

/* Begin PBXReferenceProxy section */
		D1C6EA3F164C28A600248DA0 /* libseedcontrib.a */ = {
			isa = PBXReferenceProxy;
			fileType = archive.ar;
			path = libseedcontrib.a;
			remoteRef = D1C6EA3E164C28A600248DA0 /* PBXContainerItemProxy */;
			sourceTree = BUILT_PRODUCTS_DIR;
		};
		D1C6EA49164C28AA00248DA0 /* libSeed.a */ = {
			isa = PBXReferenceProxy;
			fileType = archive.ar;
			path = libSeed.a;
			remoteRef = D1C6EA48164C28AA00248DA0 /* PBXContainerItemProxy */;
			sourceTree = BUILT_PRODUCTS_DIR;
		};
/* End PBXReferenceProxy section */

/* Begin PBXResourcesBuildPhase section */
		D107B3B416430AB800E4A951 /* Resources */ = {
			isa = PBXResourcesBuildPhase;
			buildActionMask = 2147483647;
			files = (
				D107B3C916430AB800E4A951 /* InfoPlist.strings in Resources */,
				D107B3D116430AB800E4A951 /* Default.png in Resources */,
				D107B3D316430AB800E4A951 /* Default@2x.png in Resources */,
				D107B3D516430AB900E4A951 /* Default-568h@2x.png in Resources */,
				E254E86017583CFE002A7C07 /* configs in Resources */,
				E254E86117583CFE002A7C07 /* movies in Resources */,
				E254E86217583CFE002A7C07 /* particles in Resources */,
				E254E86317583CFE002A7C07 /* sounds in Resources */,
				E254E86417583CFE002A7C07 /* textures in Resources */,
				E254E86517583CFE002A7C07 /* scenes in Resources */,
				E289624C1759592400899A84 /* shaders in Resources */,
				E2C68E691798D20A00DE71C9 /* MainStoryboard.storyboard in Resources */,
			);
			runOnlyForDeploymentPostprocessing = 0;
		};
/* End PBXResourcesBuildPhase section */

/* Begin PBXSourcesBuildPhase section */
		D107B3B216430AB800E4A951 /* Sources */ = {
			isa = PBXSourcesBuildPhase;
			buildActionMask = 2147483647;
			files = (
				D1C6EA54164C333D00248DA0 /* main.cpp in Sources */,
				E2D364E4175A6073006BCAB8 /* testbaseogles2.cpp in Sources */,
			);
			runOnlyForDeploymentPostprocessing = 0;
		};
/* End PBXSourcesBuildPhase section */

/* Begin PBXTargetDependency section */
		E24C5B3A1756DF5400149F5A /* PBXTargetDependency */ = {
			isa = PBXTargetDependency;
			name = Seed;
			targetProxy = E24C5B391756DF5400149F5A /* PBXContainerItemProxy */;
		};
		E24C5B3C1756DF7500149F5A /* PBXTargetDependency */ = {
			isa = PBXTargetDependency;
			name = seedcontrib;
			targetProxy = E24C5B3B1756DF7500149F5A /* PBXContainerItemProxy */;
		};
/* End PBXTargetDependency section */

/* Begin PBXVariantGroup section */
		D107B3C716430AB800E4A951 /* InfoPlist.strings */ = {
			isa = PBXVariantGroup;
			children = (
				D107B3C816430AB800E4A951 /* en */,
			);
			name = InfoPlist.strings;
			sourceTree = "<group>";
		};
		E2C68E671798D20A00DE71C9 /* MainStoryboard.storyboard */ = {
			isa = PBXVariantGroup;
			children = (
				E2C68E681798D20A00DE71C9 /* en */,
			);
			name = MainStoryboard.storyboard;
			sourceTree = "<group>";
		};
/* End PBXVariantGroup section */

/* Begin XCBuildConfiguration section */
		D107B3E316430AB900E4A951 /* Debug */ = {
			isa = XCBuildConfiguration;
			buildSettings = {
				ALWAYS_SEARCH_USER_PATHS = NO;
				CLANG_ENABLE_OBJC_ARC = YES;
				CLANG_WARN_EMPTY_BODY = YES;
				CLANG_WARN__DUPLICATE_METHOD_MATCH = YES;
				"CODE_SIGN_IDENTITY[sdk=iphoneos*]" = "iPhone Developer";
				COPY_PHASE_STRIP = NO;
				GCC_DYNAMIC_NO_PIC = NO;
				GCC_ENABLE_CPP_EXCEPTIONS = NO;
				GCC_ENABLE_CPP_RTTI = NO;
				GCC_INPUT_FILETYPE = sourcecode.cpp.objcpp;
				GCC_OPTIMIZATION_LEVEL = 0;
				GCC_PREPROCESSOR_DEFINITIONS = (
					"DEBUG=1",
					"$(inherited)",
					BUILD_IOS,
				);
				GCC_SYMBOLS_PRIVATE_EXTERN = NO;
				GCC_VERSION = com.apple.compilers.llvm.clang.1_0;
				GCC_WARN_ABOUT_INVALID_OFFSETOF_MACRO = NO;
				GCC_WARN_ABOUT_RETURN_TYPE = YES;
				GCC_WARN_HIDDEN_VIRTUAL_FUNCTIONS = YES;
				GCC_WARN_NON_VIRTUAL_DESTRUCTOR = YES;
				GCC_WARN_UNINITIALIZED_AUTOS = YES;
				GCC_WARN_UNUSED_VARIABLE = YES;
				HEADER_SEARCH_PATHS = (
					"\"$(SRCROOT)/../../include\"",
					"\"$(SRCROOT)/../../contrib\"",
				);
				IPHONEOS_DEPLOYMENT_TARGET = 6.0;
				OTHER_LDFLAGS = "";
				SDKROOT = iphoneos;
				TARGETED_DEVICE_FAMILY = "1,2";
			};
			name = Debug;
		};
		D107B3E416430AB900E4A951 /* Release */ = {
			isa = XCBuildConfiguration;
			buildSettings = {
				ALWAYS_SEARCH_USER_PATHS = NO;
				CLANG_ENABLE_OBJC_ARC = YES;
				CLANG_WARN_EMPTY_BODY = YES;
				CLANG_WARN__DUPLICATE_METHOD_MATCH = YES;
				"CODE_SIGN_IDENTITY[sdk=iphoneos*]" = "iPhone Developer";
				COPY_PHASE_STRIP = YES;
				GCC_ENABLE_CPP_EXCEPTIONS = NO;
				GCC_ENABLE_CPP_RTTI = NO;
				GCC_INPUT_FILETYPE = sourcecode.cpp.objcpp;
				GCC_PREPROCESSOR_DEFINITIONS = (
					BUILD_IOS,
					RELEASE,
				);
				GCC_VERSION = com.apple.compilers.llvm.clang.1_0;
				GCC_WARN_ABOUT_INVALID_OFFSETOF_MACRO = NO;
				GCC_WARN_ABOUT_RETURN_TYPE = YES;
				GCC_WARN_HIDDEN_VIRTUAL_FUNCTIONS = YES;
				GCC_WARN_NON_VIRTUAL_DESTRUCTOR = YES;
				GCC_WARN_UNINITIALIZED_AUTOS = YES;
				GCC_WARN_UNUSED_VARIABLE = YES;
				HEADER_SEARCH_PATHS = (
					"\"$(SRCROOT)/../../include\"",
					"\"$(SRCROOT)/../../contrib\"",
				);
				IPHONEOS_DEPLOYMENT_TARGET = 6.0;
				OTHER_CFLAGS = "-DNS_BLOCK_ASSERTIONS=1";
				OTHER_LDFLAGS = "";
				SDKROOT = iphoneos;
				TARGETED_DEVICE_FAMILY = "1,2";
				VALIDATE_PRODUCT = YES;
			};
			name = Release;
		};
		D107B3E616430AB900E4A951 /* Debug */ = {
			isa = XCBuildConfiguration;
			buildSettings = {
				CLANG_ENABLE_OBJC_ARC = NO;
				CODE_SIGN_IDENTITY = "iPhone Developer: Marlus Costa (7CJ44SA2NC)";
				GCC_C_LANGUAGE_STANDARD = "compiler-default";
				GCC_ENABLE_OBJC_GC = unsupported;
				GCC_INPUT_FILETYPE = sourcecode.cpp.objcpp;
				GCC_PRECOMPILE_PREFIX_HEADER = YES;
				GCC_PREFIX_HEADER = "tests/tests-Prefix.pch";
				GCC_PREPROCESSOR_DEFINITIONS = "$(inherited)";
				GCC_VERSION = com.apple.compilers.llvm.clang.1_0;
				INFOPLIST_FILE = "tests/tests-Info.plist";
				IPHONEOS_DEPLOYMENT_TARGET = 5.0;
				ONLY_ACTIVE_ARCH = YES;
				OTHER_LDFLAGS = "";
				PRODUCT_NAME = "$(TARGET_NAME)";
				PROVISIONING_PROFILE = "DEC1F7D2-6720-4F13-AC9F-D497900DA88E";
				SDKROOT = iphoneos5.0;
				TARGETED_DEVICE_FAMILY = "1,2";
				USER_HEADER_SEARCH_PATHS = "$(BUILT_PRODUCTS_DIR)/**";
				WRAPPER_EXTENSION = app;
			};
			name = Debug;
		};
		D107B3E716430AB900E4A951 /* Release */ = {
			isa = XCBuildConfiguration;
			buildSettings = {
				CLANG_ENABLE_OBJC_ARC = NO;
				CODE_SIGN_IDENTITY = "iPhone Developer: Marlus Costa (7CJ44SA2NC)";
				GCC_C_LANGUAGE_STANDARD = "compiler-default";
				GCC_ENABLE_OBJC_GC = unsupported;
				GCC_INPUT_FILETYPE = sourcecode.cpp.objcpp;
				GCC_PRECOMPILE_PREFIX_HEADER = YES;
				GCC_PREFIX_HEADER = "tests/tests-Prefix.pch";
				GCC_VERSION = com.apple.compilers.llvm.clang.1_0;
				INFOPLIST_FILE = "tests/tests-Info.plist";
				IPHONEOS_DEPLOYMENT_TARGET = 5.0;
				ONLY_ACTIVE_ARCH = YES;
				OTHER_LDFLAGS = "";
				PRODUCT_NAME = "$(TARGET_NAME)";
				PROVISIONING_PROFILE = "DEC1F7D2-6720-4F13-AC9F-D497900DA88E";
				SDKROOT = iphoneos5.0;
				TARGETED_DEVICE_FAMILY = "1,2";
				USER_HEADER_SEARCH_PATHS = "$(BUILT_PRODUCTS_DIR)/**";
				WRAPPER_EXTENSION = app;
			};
			name = Release;
		};
/* End XCBuildConfiguration section */

/* Begin XCConfigurationList section */
		D107B3B016430AB800E4A951 /* Build configuration list for PBXProject "tests" */ = {
			isa = XCConfigurationList;
			buildConfigurations = (
				D107B3E316430AB900E4A951 /* Debug */,
				D107B3E416430AB900E4A951 /* Release */,
			);
			defaultConfigurationIsVisible = 0;
			defaultConfigurationName = Release;
		};
		D107B3E516430AB900E4A951 /* Build configuration list for PBXNativeTarget "tests" */ = {
			isa = XCConfigurationList;
			buildConfigurations = (
				D107B3E616430AB900E4A951 /* Debug */,
				D107B3E716430AB900E4A951 /* Release */,
			);
			defaultConfigurationIsVisible = 0;
			defaultConfigurationName = Release;
		};
/* End XCConfigurationList section */
	};
	rootObject = D107B3AD16430AB800E4A951 /* Project object */;
}
