Microsoft Visual Studio Solution File, Format Version 12.00
# Visual Studio 2013
VisualStudioVersion = 12.0.21005.1
MinimumVisualStudioVersion = 10.0.40219.1
Project("{8BC9CEB8-8B4A-11D0-8D11-00A0C91BC942}") = "seed", "seed\seed.vcxproj", "{86AE299C-0A83-4BBF-9718-41E7D1F04071}"
EndProject
Project("{8BC9CEB8-8B4A-11D0-8D11-00A0C91BC942}") = "contrib", "contrib\contrib.vcxproj", "{5D99CA56-C3C3-4509-BF78-3DD4E1787976}"
EndProject
Project("{8BC9CEB8-8B4A-11D0-8D11-00A0C91BC942}") = "Sample_00_skel", "Sample_00_skel\Sample_00_skel.vcxproj", "{D835AAE6-CECE-4D76-8F1A-B7122850438B}"
EndProject
Project("{8BC9CEB8-8B4A-11D0-8D11-00A0C91BC942}") = "Sample_01_presentation", "Sample_01_presentation\Sample_01_presentation.vcxproj", "{B721526A-9D56-4CF7-BABD-424B52E3F529}"
EndProject
Project("{8BC9CEB8-8B4A-11D0-8D11-00A0C91BC942}") = "Sample_02_image", "Sample_02_image\Sample_02_image.vcxproj", "{4B066917-8061-4CF8-A275-261FF3300D3E}"
EndProject
Project("{8BC9CEB8-8B4A-11D0-8D11-00A0C91BC942}") = "Sample_03_pointer_input", "Sample_03_pointer_input\Sample_03_pointer_input.vcxproj", "{18589DC9-5F85-4C45-AC1B-724553D15E0C}"
EndProject
Project("{8BC9CEB8-8B4A-11D0-8D11-00A0C91BC942}") = "Sample_04_keyboard_input", "Sample_04_keyboard_input\Sample_04_keyboard_input.vcxproj", "{78ED1557-EB37-4BA8-B8BD-63ED1520BA0D}"
EndProject
Project("{8BC9CEB8-8B4A-11D0-8D11-00A0C91BC942}") = "Sample_06_sprite", "Sample_06_sprite\Sample_06_sprite.vcxproj", "{99D928F8-F074-42C5-97CF-3085F727F1EF}"
EndProject
Project("{8BC9CEB8-8B4A-11D0-8D11-00A0C91BC942}") = "sample_07_music_sfx", "sample_07_music_sfx\sample_07_music_sfx.vcxproj", "{F4C321D9-2064-4774-9C2A-945249B0006B}"
EndProject
Project("{8BC9CEB8-8B4A-11D0-8D11-00A0C91BC942}") = "Sample_08_particles", "Sample_08_particles\Sample_08_particles.vcxproj", "{057BFB77-1C36-496F-A232-7F80937CD86A}"
EndProject
Project("{8BC9CEB8-8B4A-11D0-8D11-00A0C91BC942}") = "Sample_09_tilemap", "Sample_09_tilemap\Sample_09_tilemap.vcxproj", "{AD831520-5D01-442A-9BC3-D499D41BD2F6}"
EndProject
Project("{8BC9CEB8-8B4A-11D0-8D11-00A0C91BC942}") = "Sample_11_state_machine", "Sample_11_state_machine\Sample_11_state_machine.vcxproj", "{342807C2-7826-4207-8A6A-CB4E492024EC}"
EndProject
Project("{8BC9CEB8-8B4A-11D0-8D11-00A0C91BC942}") = "Sample_12_savesystem", "Sample_12_savesystem\Sample_12_savesystem.vcxproj", "{E3F99448-164F-4318-B237-DF611DBD1487}"
EndProject
Project("{8BC9CEB8-8B4A-11D0-8D11-00A0C91BC942}") = "Sample_13_gui_rocket", "Sample_13_gui_rocket\Sample_13_gui_rocket.vcxproj", "{0AC665CB-CA4C-485E-B78A-A87BD4058819}"
EndProject
Global
	GlobalSection(SolutionConfigurationPlatforms) = preSolution
		Debug SDL|Win32 = Debug SDL|Win32
		Debug SDL2|Win32 = Debug SDL2|Win32
		Release SDL|Win32 = Release SDL|Win32
	EndGlobalSection
	GlobalSection(ProjectConfigurationPlatforms) = postSolution
		{86AE299C-0A83-4BBF-9718-41E7D1F04071}.Debug SDL|Win32.ActiveCfg = Debug SDL|Win32
		{86AE299C-0A83-4BBF-9718-41E7D1F04071}.Debug SDL|Win32.Build.0 = Debug SDL|Win32
		{86AE299C-0A83-4BBF-9718-41E7D1F04071}.Debug SDL2|Win32.ActiveCfg = Debug SDL2|Win32
		{86AE299C-0A83-4BBF-9718-41E7D1F04071}.Debug SDL2|Win32.Build.0 = Debug SDL2|Win32
		{86AE299C-0A83-4BBF-9718-41E7D1F04071}.Release SDL|Win32.ActiveCfg = Release SDL|Win32
		{86AE299C-0A83-4BBF-9718-41E7D1F04071}.Release SDL|Win32.Build.0 = Release SDL|Win32
		{5D99CA56-C3C3-4509-BF78-3DD4E1787976}.Debug SDL|Win32.ActiveCfg = Debug SDL|Win32
		{5D99CA56-C3C3-4509-BF78-3DD4E1787976}.Debug SDL|Win32.Build.0 = Debug SDL|Win32
		{5D99CA56-C3C3-4509-BF78-3DD4E1787976}.Debug SDL2|Win32.ActiveCfg = Debug SDL2|Win32
		{5D99CA56-C3C3-4509-BF78-3DD4E1787976}.Debug SDL2|Win32.Build.0 = Debug SDL2|Win32
		{5D99CA56-C3C3-4509-BF78-3DD4E1787976}.Release SDL|Win32.ActiveCfg = Release SDL|Win32
		{5D99CA56-C3C3-4509-BF78-3DD4E1787976}.Release SDL|Win32.Build.0 = Release SDL|Win32
		{D835AAE6-CECE-4D76-8F1A-B7122850438B}.Debug SDL|Win32.ActiveCfg = Debug SDL|Win32
		{D835AAE6-CECE-4D76-8F1A-B7122850438B}.Debug SDL|Win32.Build.0 = Debug SDL|Win32
		{D835AAE6-CECE-4D76-8F1A-B7122850438B}.Debug SDL2|Win32.ActiveCfg = Debug|Win32
		{D835AAE6-CECE-4D76-8F1A-B7122850438B}.Debug SDL2|Win32.Build.0 = Debug|Win32
		{D835AAE6-CECE-4D76-8F1A-B7122850438B}.Release SDL|Win32.ActiveCfg = Release SDL|Win32
		{D835AAE6-CECE-4D76-8F1A-B7122850438B}.Release SDL|Win32.Build.0 = Release SDL|Win32
		{B721526A-9D56-4CF7-BABD-424B52E3F529}.Debug SDL|Win32.ActiveCfg = Debug SDL|Win32
		{B721526A-9D56-4CF7-BABD-424B52E3F529}.Debug SDL|Win32.Build.0 = Debug SDL|Win32
		{B721526A-9D56-4CF7-BABD-424B52E3F529}.Debug SDL2|Win32.ActiveCfg = Debug SDL2|Win32
		{B721526A-9D56-4CF7-BABD-424B52E3F529}.Debug SDL2|Win32.Build.0 = Debug SDL2|Win32
		{B721526A-9D56-4CF7-BABD-424B52E3F529}.Release SDL|Win32.ActiveCfg = Release SDL|Win32
		{B721526A-9D56-4CF7-BABD-424B52E3F529}.Release SDL|Win32.Build.0 = Release SDL|Win32
		{4B066917-8061-4CF8-A275-261FF3300D3E}.Debug SDL|Win32.ActiveCfg = Debug SDL|Win32
		{4B066917-8061-4CF8-A275-261FF3300D3E}.Debug SDL|Win32.Build.0 = Debug SDL|Win32
		{4B066917-8061-4CF8-A275-261FF3300D3E}.Debug SDL2|Win32.ActiveCfg = Debug SDL2|Win32
		{4B066917-8061-4CF8-A275-261FF3300D3E}.Debug SDL2|Win32.Build.0 = Debug SDL2|Win32
		{4B066917-8061-4CF8-A275-261FF3300D3E}.Release SDL|Win32.ActiveCfg = Release SDL|Win32
		{4B066917-8061-4CF8-A275-261FF3300D3E}.Release SDL|Win32.Build.0 = Release SDL|Win32
		{18589DC9-5F85-4C45-AC1B-724553D15E0C}.Debug SDL|Win32.ActiveCfg = Debug SDL|Win32
		{18589DC9-5F85-4C45-AC1B-724553D15E0C}.Debug SDL|Win32.Build.0 = Debug SDL|Win32
		{18589DC9-5F85-4C45-AC1B-724553D15E0C}.Debug SDL2|Win32.ActiveCfg = Debug SDL2|Win32
		{18589DC9-5F85-4C45-AC1B-724553D15E0C}.Debug SDL2|Win32.Build.0 = Debug SDL2|Win32
		{18589DC9-5F85-4C45-AC1B-724553D15E0C}.Release SDL|Win32.ActiveCfg = Release SDL|Win32
		{18589DC9-5F85-4C45-AC1B-724553D15E0C}.Release SDL|Win32.Build.0 = Release SDL|Win32
		{78ED1557-EB37-4BA8-B8BD-63ED1520BA0D}.Debug SDL|Win32.ActiveCfg = Debug SDL|Win32
		{78ED1557-EB37-4BA8-B8BD-63ED1520BA0D}.Debug SDL|Win32.Build.0 = Debug SDL|Win32
		{78ED1557-EB37-4BA8-B8BD-63ED1520BA0D}.Debug SDL2|Win32.ActiveCfg = Debug SDL2|Win32
		{78ED1557-EB37-4BA8-B8BD-63ED1520BA0D}.Debug SDL2|Win32.Build.0 = Debug SDL2|Win32
		{78ED1557-EB37-4BA8-B8BD-63ED1520BA0D}.Release SDL|Win32.ActiveCfg = Release SDL|Win32
		{78ED1557-EB37-4BA8-B8BD-63ED1520BA0D}.Release SDL|Win32.Build.0 = Release SDL|Win32
		{99D928F8-F074-42C5-97CF-3085F727F1EF}.Debug SDL|Win32.ActiveCfg = Debug SDL|Win32
		{99D928F8-F074-42C5-97CF-3085F727F1EF}.Debug SDL|Win32.Build.0 = Debug SDL|Win32
		{99D928F8-F074-42C5-97CF-3085F727F1EF}.Debug SDL2|Win32.ActiveCfg = Debug SDL2|Win32
		{99D928F8-F074-42C5-97CF-3085F727F1EF}.Debug SDL2|Win32.Build.0 = Debug SDL2|Win32
		{99D928F8-F074-42C5-97CF-3085F727F1EF}.Release SDL|Win32.ActiveCfg = Release SDL|Win32
		{99D928F8-F074-42C5-97CF-3085F727F1EF}.Release SDL|Win32.Build.0 = Release SDL|Win32
		{F4C321D9-2064-4774-9C2A-945249B0006B}.Debug SDL|Win32.ActiveCfg = Debug SDL|Win32
		{F4C321D9-2064-4774-9C2A-945249B0006B}.Debug SDL|Win32.Build.0 = Debug SDL|Win32
		{F4C321D9-2064-4774-9C2A-945249B0006B}.Debug SDL2|Win32.ActiveCfg = Debug SDL2|Win32
		{F4C321D9-2064-4774-9C2A-945249B0006B}.Debug SDL2|Win32.Build.0 = Debug SDL2|Win32
		{F4C321D9-2064-4774-9C2A-945249B0006B}.Release SDL|Win32.ActiveCfg = Release SDL|Win32
		{F4C321D9-2064-4774-9C2A-945249B0006B}.Release SDL|Win32.Build.0 = Release SDL|Win32
		{057BFB77-1C36-496F-A232-7F80937CD86A}.Debug SDL|Win32.ActiveCfg = Debug SDL|Win32
		{057BFB77-1C36-496F-A232-7F80937CD86A}.Debug SDL|Win32.Build.0 = Debug SDL|Win32
		{057BFB77-1C36-496F-A232-7F80937CD86A}.Debug SDL2|Win32.ActiveCfg = Debug SDL2|Win32
		{057BFB77-1C36-496F-A232-7F80937CD86A}.Debug SDL2|Win32.Build.0 = Debug SDL2|Win32
		{057BFB77-1C36-496F-A232-7F80937CD86A}.Release SDL|Win32.ActiveCfg = Release SDL|Win32
		{057BFB77-1C36-496F-A232-7F80937CD86A}.Release SDL|Win32.Build.0 = Release SDL|Win32
		{AD831520-5D01-442A-9BC3-D499D41BD2F6}.Debug SDL|Win32.ActiveCfg = Debug SDL|Win32
		{AD831520-5D01-442A-9BC3-D499D41BD2F6}.Debug SDL|Win32.Build.0 = Debug SDL|Win32
		{AD831520-5D01-442A-9BC3-D499D41BD2F6}.Debug SDL2|Win32.ActiveCfg = Debug SDL2|Win32
		{AD831520-5D01-442A-9BC3-D499D41BD2F6}.Debug SDL2|Win32.Build.0 = Debug SDL2|Win32
		{AD831520-5D01-442A-9BC3-D499D41BD2F6}.Release SDL|Win32.ActiveCfg = Release SDL|Win32
		{AD831520-5D01-442A-9BC3-D499D41BD2F6}.Release SDL|Win32.Build.0 = Release SDL|Win32
		{342807C2-7826-4207-8A6A-CB4E492024EC}.Debug SDL|Win32.ActiveCfg = Debug SDL|Win32
		{342807C2-7826-4207-8A6A-CB4E492024EC}.Debug SDL|Win32.Build.0 = Debug SDL|Win32
		{342807C2-7826-4207-8A6A-CB4E492024EC}.Debug SDL2|Win32.ActiveCfg = Debug SDL2|Win32
		{342807C2-7826-4207-8A6A-CB4E492024EC}.Debug SDL2|Win32.Build.0 = Debug SDL2|Win32
		{342807C2-7826-4207-8A6A-CB4E492024EC}.Release SDL|Win32.ActiveCfg = Release SDL|Win32
		{342807C2-7826-4207-8A6A-CB4E492024EC}.Release SDL|Win32.Build.0 = Release SDL|Win32
		{E3F99448-164F-4318-B237-DF611DBD1487}.Debug SDL|Win32.ActiveCfg = Debug SDL|Win32
		{E3F99448-164F-4318-B237-DF611DBD1487}.Debug SDL|Win32.Build.0 = Debug SDL|Win32
		{E3F99448-164F-4318-B237-DF611DBD1487}.Debug SDL2|Win32.ActiveCfg = Debug SDL2|Win32
		{E3F99448-164F-4318-B237-DF611DBD1487}.Debug SDL2|Win32.Build.0 = Debug SDL2|Win32
		{E3F99448-164F-4318-B237-DF611DBD1487}.Release SDL|Win32.ActiveCfg = Release SDL|Win32
		{E3F99448-164F-4318-B237-DF611DBD1487}.Release SDL|Win32.Build.0 = Release SDL|Win32
		{0AC665CB-CA4C-485E-B78A-A87BD4058819}.Debug SDL|Win32.ActiveCfg = Debug SDL|Win32
		{0AC665CB-CA4C-485E-B78A-A87BD4058819}.Debug SDL|Win32.Build.0 = Debug SDL|Win32
		{0AC665CB-CA4C-485E-B78A-A87BD4058819}.Debug SDL2|Win32.ActiveCfg = Debug SDL2|Win32
		{0AC665CB-CA4C-485E-B78A-A87BD4058819}.Debug SDL2|Win32.Build.0 = Debug SDL2|Win32
		{0AC665CB-CA4C-485E-B78A-A87BD4058819}.Release SDL|Win32.ActiveCfg = Release SDL|Win32
		{0AC665CB-CA4C-485E-B78A-A87BD4058819}.Release SDL|Win32.Build.0 = Release SDL|Win32
	EndGlobalSection
	GlobalSection(SolutionProperties) = preSolution
		HideSolutionNode = FALSE
	EndGlobalSection
EndGlobal
