<?xml version="1.0" encoding="utf-8"?>
<Project ToolsVersion="4.0" xmlns="http://schemas.microsoft.com/developer/msbuild/2003">
  <ItemGroup>
    <Filter Include="Resource Files">
      <UniqueIdentifier>{67DA6AB6-F800-4c08-8B7A-83BB121AAD01}</UniqueIdentifier>
      <Extensions>rc;ico;cur;bmp;dlg;rc2;rct;bin;rgs;gif;jpg;jpeg;jpe;resx;tiff;tif;png;wav;mfcribbon-ms</Extensions>
    </Filter>
    <Filter Include="states">
      <UniqueIdentifier>{7180b7bb-6cf3-4018-bd19-26751346389f}</UniqueIdentifier>
    </Filter>
    <Filter Include="data">
      <UniqueIdentifier>{ee9aebf2-4bd3-4718-9840-36637b9efde5}</UniqueIdentifier>
    </Filter>
  </ItemGroup>
  <ItemGroup>
    <ClCompile Include="..\..\..\samples\11_state_machine\data\agent_data.cpp">
      <Filter>data</Filter>
    </ClCompile>
    <ClCompile Include="..\..\..\samples\11_state_machine\states\state_sleeping.cpp">
      <Filter>states</Filter>
    </ClCompile>
    <ClCompile Include="..\..\..\samples\11_state_machine\states\state_working.cpp">
      <Filter>states</Filter>
    </ClCompile>
    <ClCompile Include="..\..\..\samples\11_state_machine\main.cpp" />
    <ClCompile Include="..\..\..\samples\11_state_machine\state_machine_sample.cpp" />
  </ItemGroup>
  <ItemGroup>
    <ClInclude Include="..\..\..\samples\11_state_machine\data\agent_data.h">
      <Filter>data</Filter>
    </ClInclude>
    <ClInclude Include="..\..\..\samples\11_state_machine\states\state_sleeping.h">
      <Filter>states</Filter>
    </ClInclude>
    <ClInclude Include="..\..\..\samples\11_state_machine\states\state_working.h">
      <Filter>states</Filter>
    </ClInclude>
    <ClInclude Include="..\..\..\samples\11_state_machine\state_machine_sample.h" />
  </ItemGroup>
</Project>